
Microsoft Visual Studio Solution File, Format Version 12.00
# Visual Studio Version 17
VisualStudioVersion = 17.0.31903.59
MinimumVisualStudioVersion = 10.0.40219.1
Project("{FAE04EC0-301F-11D3-BF4B-00C04F79EFBC}") = "Application", "Application\Application.csproj", "{8E47673C-BDC4-4B8F-8324-6903419BF2C9}"
EndProject
Project("{FAE04EC0-301F-11D3-BF4B-00C04F79EFBC}") = "WebUI", "WebUI\WebUI.csproj", "{7AFA0EE4-C4EC-4E94-B5E0-8010777E7257}"
EndProject
Global
	GlobalSection(SolutionConfigurationPlatforms) = preSolution
		Debug|Any CPU = Debug|Any CPU
		Release|Any CPU = Release|Any CPU
	EndGlobalSection
	GlobalSection(SolutionProperties) = preSolution
		HideSolutionNode = FALSE
	EndGlobalSection
	GlobalSection(ProjectConfigurationPlatforms) = postSolution
		{8E47673C-BDC4-4B8F-8324-6903419BF2C9}.Debug|Any CPU.ActiveCfg = Debug|Any CPU
		{8E47673C-BDC4-4B8F-8324-6903419BF2C9}.Debug|Any CPU.Build.0 = Debug|Any CPU
		{8E47673C-BDC4-4B8F-8324-6903419BF2C9}.Release|Any CPU.ActiveCfg = Release|Any CPU
		{8E47673C-BDC4-4B8F-8324-6903419BF2C9}.Release|Any CPU.Build.0 = Release|Any CPU
		{7AFA0EE4-C4EC-4E94-B5E0-8010777E7257}.Debug|Any CPU.ActiveCfg = Debug|Any CPU
		{7AFA0EE4-C4EC-4E94-B5E0-8010777E7257}.Debug|Any CPU.Build.0 = Debug|Any CPU
		{7AFA0EE4-C4EC-4E94-B5E0-8010777E7257}.Release|Any CPU.ActiveCfg = Release|Any CPU
		{7AFA0EE4-C4EC-4E94-B5E0-8010777E7257}.Release|Any CPU.Build.0 = Release|Any CPU
	EndGlobalSection
EndGlobal
